// !$*UTF8*$!
{
	archiveVersion = 1;
	classes = {
	};
	objectVersion = 46;
	objects = {

/* Begin PBXBuildFile section */
		5E127FE91708C00900FEBC11 /* CTRTimerListViewController.m in Sources */ = {isa = PBXBuildFile; fileRef = 5E127FE81708C00900FEBC11 /* CTRTimerListViewController.m */; };
		5E5FC4B716FE58E30086DA7E /* CTRTimerDetailViewController.m in Sources */ = {isa = PBXBuildFile; fileRef = 5E5FC4B616FE58E30086DA7E /* CTRTimerDetailViewController.m */; };
		5E5FC4BC16FF506D0086DA7E /* CTRTimerEditViewController.m in Sources */ = {isa = PBXBuildFile; fileRef = 5E5FC4BB16FF506D0086DA7E /* CTRTimerEditViewController.m */; };
		5E6CA0A21730973000E4EC3A /* stop@2x.png in Resources */ = {isa = PBXBuildFile; fileRef = 5E6CA09F1730973000E4EC3A /* stop@2x.png */; };
		5E6CA0A31730973000E4EC3A /* start@2x.png in Resources */ = {isa = PBXBuildFile; fileRef = 5E6CA0A01730973000E4EC3A /* start@2x.png */; };
		5E6CA0A41730973000E4EC3A /* background@2x.png in Resources */ = {isa = PBXBuildFile; fileRef = 5E6CA0A11730973000E4EC3A /* background@2x.png */; };
		5E6CA0A71730A68D00E4EC3A /* Icon@2x.png in Resources */ = {isa = PBXBuildFile; fileRef = 5E6CA0A61730A68D00E4EC3A /* Icon@2x.png */; };
		5E6CA0A91730A69300E4EC3A /* Icon.png in Resources */ = {isa = PBXBuildFile; fileRef = 5E6CA0A81730A69300E4EC3A /* Icon.png */; };
		5E6CA0AB1730AA1500E4EC3A /* Default.png in Resources */ = {isa = PBXBuildFile; fileRef = 5E6CA0AA1730AA1500E4EC3A /* Default.png */; };
		5E6CA0AD1730AA1A00E4EC3A /* Default@2x.png in Resources */ = {isa = PBXBuildFile; fileRef = 5E6CA0AC1730AA1A00E4EC3A /* Default@2x.png */; };
		5E6CA0AF1730AA2100E4EC3A /* Default-568h@2x.png in Resources */ = {isa = PBXBuildFile; fileRef = 5E6CA0AE1730AA2100E4EC3A /* Default-568h@2x.png */; };
		5E964D7816F4DD080074FB6A /* UIKit.framework in Frameworks */ = {isa = PBXBuildFile; fileRef = 5E964D7716F4DD080074FB6A /* UIKit.framework */; };
		5E964D7A16F4DD080074FB6A /* Foundation.framework in Frameworks */ = {isa = PBXBuildFile; fileRef = 5E964D7916F4DD080074FB6A /* Foundation.framework */; };
		5E964D7C16F4DD080074FB6A /* CoreGraphics.framework in Frameworks */ = {isa = PBXBuildFile; fileRef = 5E964D7B16F4DD080074FB6A /* CoreGraphics.framework */; };
		5E964D8216F4DD080074FB6A /* InfoPlist.strings in Resources */ = {isa = PBXBuildFile; fileRef = 5E964D8016F4DD080074FB6A /* InfoPlist.strings */; };
		5E964D8416F4DD080074FB6A /* main.m in Sources */ = {isa = PBXBuildFile; fileRef = 5E964D8316F4DD080074FB6A /* main.m */; };
		5E964D8816F4DD080074FB6A /* CTRAppDelegate.m in Sources */ = {isa = PBXBuildFile; fileRef = 5E964D8716F4DD080074FB6A /* CTRAppDelegate.m */; };
		5E964D9116F4DD090074FB6A /* MainStoryboard.storyboard in Resources */ = {isa = PBXBuildFile; fileRef = 5E964D8F16F4DD090074FB6A /* MainStoryboard.storyboard */; };
		5EA5D6DF17349AE700E729CA /* Localizable.strings in Resources */ = {isa = PBXBuildFile; fileRef = 5EA5D6E117349AE700E729CA /* Localizable.strings */; };
		5EA5D71617369F0800E729CA /* CoreData.framework in Frameworks */ = {isa = PBXBuildFile; fileRef = 5EA5D71517369F0800E729CA /* CoreData.framework */; };
		5EA5D7501736AADF00E729CA /* CoffeeTimer.xcdatamodeld in Sources */ = {isa = PBXBuildFile; fileRef = 5EA5D74E1736AADF00E729CA /* CoffeeTimer.xcdatamodeld */; };
		5EA5D7531736AD1500E729CA /* CTRTimerModel.m in Sources */ = {isa = PBXBuildFile; fileRef = 5EA5D7521736AD1500E729CA /* CTRTimerModel.m */; };
/* End PBXBuildFile section */

/* Begin PBXFileReference section */
		5E127FE71708C00900FEBC11 /* CTRTimerListViewController.h */ = {isa = PBXFileReference; fileEncoding = 4; lastKnownFileType = sourcecode.c.h; path = CTRTimerListViewController.h; sourceTree = "<group>"; };
		5E127FE81708C00900FEBC11 /* CTRTimerListViewController.m */ = {isa = PBXFileReference; fileEncoding = 4; lastKnownFileType = sourcecode.c.objc; path = CTRTimerListViewController.m; sourceTree = "<group>"; };
		5E5FC4B516FE58E30086DA7E /* CTRTimerDetailViewController.h */ = {isa = PBXFileReference; fileEncoding = 4; lastKnownFileType = sourcecode.c.h; path = CTRTimerDetailViewController.h; sourceTree = "<group>"; };
		5E5FC4B616FE58E30086DA7E /* CTRTimerDetailViewController.m */ = {isa = PBXFileReference; fileEncoding = 4; lastKnownFileType = sourcecode.c.objc; path = CTRTimerDetailViewController.m; sourceTree = "<group>"; };
		5E5FC4BA16FF506D0086DA7E /* CTRTimerEditViewController.h */ = {isa = PBXFileReference; fileEncoding = 4; lastKnownFileType = sourcecode.c.h; path = CTRTimerEditViewController.h; sourceTree = "<group>"; };
		5E5FC4BB16FF506D0086DA7E /* CTRTimerEditViewController.m */ = {isa = PBXFileReference; fileEncoding = 4; lastKnownFileType = sourcecode.c.objc; path = CTRTimerEditViewController.m; sourceTree = "<group>"; };
		5E6CA09F1730973000E4EC3A /* stop@2x.png */ = {isa = PBXFileReference; lastKnownFileType = image.png; path = "stop@2x.png"; sourceTree = "<group>"; };
		5E6CA0A01730973000E4EC3A /* start@2x.png */ = {isa = PBXFileReference; lastKnownFileType = image.png; path = "start@2x.png"; sourceTree = "<group>"; };
		5E6CA0A11730973000E4EC3A /* background@2x.png */ = {isa = PBXFileReference; lastKnownFileType = image.png; path = "background@2x.png"; sourceTree = "<group>"; };
		5E6CA0A61730A68D00E4EC3A /* Icon@2x.png */ = {isa = PBXFileReference; lastKnownFileType = image.png; path = "Icon@2x.png"; sourceTree = "<group>"; };
		5E6CA0A81730A69300E4EC3A /* Icon.png */ = {isa = PBXFileReference; lastKnownFileType = image.png; path = Icon.png; sourceTree = "<group>"; };
		5E6CA0AA1730AA1500E4EC3A /* Default.png */ = {isa = PBXFileReference; lastKnownFileType = image.png; path = Default.png; sourceTree = "<group>"; };
		5E6CA0AC1730AA1A00E4EC3A /* Default@2x.png */ = {isa = PBXFileReference; lastKnownFileType = image.png; path = "Default@2x.png"; sourceTree = "<group>"; };
		5E6CA0AE1730AA2100E4EC3A /* Default-568h@2x.png */ = {isa = PBXFileReference; lastKnownFileType = image.png; path = "Default-568h@2x.png"; sourceTree = "<group>"; };
		5E964D7416F4DD080074FB6A /* Coffee Timer.app */ = {isa = PBXFileReference; explicitFileType = wrapper.application; includeInIndex = 0; path = "Coffee Timer.app"; sourceTree = BUILT_PRODUCTS_DIR; };
		5E964D7716F4DD080074FB6A /* UIKit.framework */ = {isa = PBXFileReference; lastKnownFileType = wrapper.framework; name = UIKit.framework; path = System/Library/Frameworks/UIKit.framework; sourceTree = SDKROOT; };
		5E964D7916F4DD080074FB6A /* Foundation.framework */ = {isa = PBXFileReference; lastKnownFileType = wrapper.framework; name = Foundation.framework; path = System/Library/Frameworks/Foundation.framework; sourceTree = SDKROOT; };
		5E964D7B16F4DD080074FB6A /* CoreGraphics.framework */ = {isa = PBXFileReference; lastKnownFileType = wrapper.framework; name = CoreGraphics.framework; path = System/Library/Frameworks/CoreGraphics.framework; sourceTree = SDKROOT; };
		5E964D7F16F4DD080074FB6A /* Coffee Timer-Info.plist */ = {isa = PBXFileReference; lastKnownFileType = text.plist.xml; path = "Coffee Timer-Info.plist"; sourceTree = "<group>"; };
		5E964D8116F4DD080074FB6A /* en */ = {isa = PBXFileReference; lastKnownFileType = text.plist.strings; name = en; path = en.lproj/InfoPlist.strings; sourceTree = "<group>"; };
		5E964D8316F4DD080074FB6A /* main.m */ = {isa = PBXFileReference; lastKnownFileType = sourcecode.c.objc; path = main.m; sourceTree = "<group>"; };
		5E964D8516F4DD080074FB6A /* Coffee Timer-Prefix.pch */ = {isa = PBXFileReference; lastKnownFileType = sourcecode.c.h; path = "Coffee Timer-Prefix.pch"; sourceTree = "<group>"; };
		5E964D8616F4DD080074FB6A /* CTRAppDelegate.h */ = {isa = PBXFileReference; lastKnownFileType = sourcecode.c.h; path = CTRAppDelegate.h; sourceTree = "<group>"; };
		5E964D8716F4DD080074FB6A /* CTRAppDelegate.m */ = {isa = PBXFileReference; lastKnownFileType = sourcecode.c.objc; path = CTRAppDelegate.m; sourceTree = "<group>"; };
		5E964D8916F4DD080074FB6A /* Default.png */ = {isa = PBXFileReference; lastKnownFileType = image.png; path = Default.png; sourceTree = "<group>"; };
		5E964D8B16F4DD080074FB6A /* Default@2x.png */ = {isa = PBXFileReference; lastKnownFileType = image.png; path = "Default@2x.png"; sourceTree = "<group>"; };
		5E964D8D16F4DD080074FB6A /* Default-568h@2x.png */ = {isa = PBXFileReference; lastKnownFileType = image.png; path = "Default-568h@2x.png"; sourceTree = "<group>"; };
		5EA5D6DA17348D7A00E729CA /* Base */ = {isa = PBXFileReference; lastKnownFileType = file.storyboard; name = Base; path = Base.lproj/MainStoryboard.storyboard; sourceTree = "<group>"; };
		5EA5D6DB17348E3800E729CA /* fr */ = {isa = PBXFileReference; lastKnownFileType = text.plist.strings; name = fr; path = fr.lproj/MainStoryboard.strings; sourceTree = "<group>"; };
		5EA5D6DC17348E3800E729CA /* fr */ = {isa = PBXFileReference; lastKnownFileType = text.plist.strings; name = fr; path = fr.lproj/InfoPlist.strings; sourceTree = "<group>"; };
		5EA5D6E017349AE700E729CA /* en */ = {isa = PBXFileReference; lastKnownFileType = text.plist.strings; name = en; path = en.lproj/Localizable.strings; sourceTree = "<group>"; };
		5EA5D6E217349B2400E729CA /* fr */ = {isa = PBXFileReference; lastKnownFileType = text.plist.strings; name = fr; path = fr.lproj/Localizable.strings; sourceTree = "<group>"; };
		5EA5D71517369F0800E729CA /* CoreData.framework */ = {isa = PBXFileReference; lastKnownFileType = wrapper.framework; name = CoreData.framework; path = System/Library/Frameworks/CoreData.framework; sourceTree = SDKROOT; };
		5EA5D74F1736AADF00E729CA /* CoffeeTimer.xcdatamodel */ = {isa = PBXFileReference; lastKnownFileType = wrapper.xcdatamodel; path = CoffeeTimer.xcdatamodel; sourceTree = "<group>"; };
		5EA5D7511736AD1500E729CA /* CTRTimerModel.h */ = {isa = PBXFileReference; fileEncoding = 4; lastKnownFileType = sourcecode.c.h; path = CTRTimerModel.h; sourceTree = "<group>"; };
		5EA5D7521736AD1500E729CA /* CTRTimerModel.m */ = {isa = PBXFileReference; fileEncoding = 4; lastKnownFileType = sourcecode.c.objc; path = CTRTimerModel.m; sourceTree = "<group>"; };
/* End PBXFileReference section */

/* Begin PBXFrameworksBuildPhase section */
		5E964D7116F4DD080074FB6A /* Frameworks */ = {
			isa = PBXFrameworksBuildPhase;
			buildActionMask = 2147483647;
			files = (
				5EA5D71617369F0800E729CA /* CoreData.framework in Frameworks */,
				5E964D7816F4DD080074FB6A /* UIKit.framework in Frameworks */,
				5E964D7A16F4DD080074FB6A /* Foundation.framework in Frameworks */,
				5E964D7C16F4DD080074FB6A /* CoreGraphics.framework in Frameworks */,
			);
			runOnlyForDeploymentPostprocessing = 0;
		};
/* End PBXFrameworksBuildPhase section */

/* Begin PBXGroup section */
		5E5FC4B816FE58F30086DA7E /* View Controllers */ = {
			isa = PBXGroup;
			children = (
				5E127FE71708C00900FEBC11 /* CTRTimerListViewController.h */,
				5E127FE81708C00900FEBC11 /* CTRTimerListViewController.m */,
				5E5FC4B516FE58E30086DA7E /* CTRTimerDetailViewController.h */,
				5E5FC4B616FE58E30086DA7E /* CTRTimerDetailViewController.m */,
				5E5FC4BA16FF506D0086DA7E /* CTRTimerEditViewController.h */,
				5E5FC4BB16FF506D0086DA7E /* CTRTimerEditViewController.m */,
			);
			name = "View Controllers";
			sourceTree = "<group>";
		};
		5E5FC4B916FE59010086DA7E /* Models */ = {
			isa = PBXGroup;
			children = (
				5EA5D7511736AD1500E729CA /* CTRTimerModel.h */,
				5EA5D7521736AD1500E729CA /* CTRTimerModel.m */,
			);
			name = Models;
			sourceTree = "<group>";
		};
		5E6CA0A51730973900E4EC3A /* Images */ = {
			isa = PBXGroup;
			children = (
				5E6CA09F1730973000E4EC3A /* stop@2x.png */,
				5E6CA0A01730973000E4EC3A /* start@2x.png */,
				5E6CA0A11730973000E4EC3A /* background@2x.png */,
			);
			name = Images;
			sourceTree = "<group>";
		};
		5E964D6B16F4DD080074FB6A = {
			isa = PBXGroup;
			children = (
				5E6CA0AE1730AA2100E4EC3A /* Default-568h@2x.png */,
				5E6CA0AC1730AA1A00E4EC3A /* Default@2x.png */,
				5E6CA0AA1730AA1500E4EC3A /* Default.png */,
				5E6CA0A81730A69300E4EC3A /* Icon.png */,
				5E6CA0A61730A68D00E4EC3A /* Icon@2x.png */,
				5E964D7D16F4DD080074FB6A /* Coffee Timer */,
				5E964D7616F4DD080074FB6A /* Frameworks */,
				5E964D7516F4DD080074FB6A /* Products */,
			);
			sourceTree = "<group>";
		};
		5E964D7516F4DD080074FB6A /* Products */ = {
			isa = PBXGroup;
			children = (
				5E964D7416F4DD080074FB6A /* Coffee Timer.app */,
			);
			name = Products;
			sourceTree = "<group>";
		};
		5E964D7616F4DD080074FB6A /* Frameworks */ = {
			isa = PBXGroup;
			children = (
				5EA5D71517369F0800E729CA /* CoreData.framework */,
				5E964D7716F4DD080074FB6A /* UIKit.framework */,
				5E964D7916F4DD080074FB6A /* Foundation.framework */,
				5E964D7B16F4DD080074FB6A /* CoreGraphics.framework */,
			);
			name = Frameworks;
			sourceTree = "<group>";
		};
		5E964D7D16F4DD080074FB6A /* Coffee Timer */ = {
			isa = PBXGroup;
			children = (
				5EA5D6E117349AE700E729CA /* Localizable.strings */,
				5E6CA0A51730973900E4EC3A /* Images */,
				5E964D8616F4DD080074FB6A /* CTRAppDelegate.h */,
				5E964D8716F4DD080074FB6A /* CTRAppDelegate.m */,
				5EA5D74E1736AADF00E729CA /* CoffeeTimer.xcdatamodeld */,
				5E964D8F16F4DD090074FB6A /* MainStoryboard.storyboard */,
				5E5FC4B816FE58F30086DA7E /* View Controllers */,
				5E5FC4B916FE59010086DA7E /* Models */,
				5E964D7E16F4DD080074FB6A /* Supporting Files */,
			);
			path = "Coffee Timer";
			sourceTree = "<group>";
		};
		5E964D7E16F4DD080074FB6A /* Supporting Files */ = {
			isa = PBXGroup;
			children = (
				5E964D7F16F4DD080074FB6A /* Coffee Timer-Info.plist */,
				5E964D8016F4DD080074FB6A /* InfoPlist.strings */,
				5E964D8316F4DD080074FB6A /* main.m */,
				5E964D8516F4DD080074FB6A /* Coffee Timer-Prefix.pch */,
				5E964D8916F4DD080074FB6A /* Default.png */,
				5E964D8B16F4DD080074FB6A /* Default@2x.png */,
				5E964D8D16F4DD080074FB6A /* Default-568h@2x.png */,
			);
			name = "Supporting Files";
			sourceTree = "<group>";
		};
/* End PBXGroup section */

/* Begin PBXNativeTarget section */
		5E964D7316F4DD080074FB6A /* Coffee Timer */ = {
			isa = PBXNativeTarget;
			buildConfigurationList = 5E964D9716F4DD090074FB6A /* Build configuration list for PBXNativeTarget "Coffee Timer" */;
			buildPhases = (
				5E964D7016F4DD080074FB6A /* Sources */,
				5E964D7116F4DD080074FB6A /* Frameworks */,
				5E964D7216F4DD080074FB6A /* Resources */,
			);
			buildRules = (
			);
			dependencies = (
			);
			name = "Coffee Timer";
			productName = "Coffee Timer";
			productReference = 5E964D7416F4DD080074FB6A /* Coffee Timer.app */;
			productType = "com.apple.product-type.application";
		};
/* End PBXNativeTarget section */

/* Begin PBXProject section */
		5E964D6C16F4DD080074FB6A /* Project object */ = {
			isa = PBXProject;
			attributes = {
				CLASSPREFIX = CTR;
				LastUpgradeCheck = 0460;
				ORGANIZATIONNAME = "Ash Furrow";
			};
			buildConfigurationList = 5E964D6F16F4DD080074FB6A /* Build configuration list for PBXProject "Coffee Timer" */;
			compatibilityVersion = "Xcode 3.2";
			developmentRegion = English;
			hasScannedForEncodings = 0;
			knownRegions = (
				en,
				Base,
				fr,
			);
			mainGroup = 5E964D6B16F4DD080074FB6A;
			productRefGroup = 5E964D7516F4DD080074FB6A /* Products */;
			projectDirPath = "";
			projectRoot = "";
			targets = (
				5E964D7316F4DD080074FB6A /* Coffee Timer */,
			);
		};
/* End PBXProject section */

/* Begin PBXResourcesBuildPhase section */
		5E964D7216F4DD080074FB6A /* Resources */ = {
			isa = PBXResourcesBuildPhase;
			buildActionMask = 2147483647;
			files = (
				5E964D8216F4DD080074FB6A /* InfoPlist.strings in Resources */,
				5E964D9116F4DD090074FB6A /* MainStoryboard.storyboard in Resources */,
				5E6CA0A21730973000E4EC3A /* stop@2x.png in Resources */,
				5E6CA0A31730973000E4EC3A /* start@2x.png in Resources */,
				5E6CA0A41730973000E4EC3A /* background@2x.png in Resources */,
				5E6CA0A71730A68D00E4EC3A /* Icon@2x.png in Resources */,
				5E6CA0A91730A69300E4EC3A /* Icon.png in Resources */,
				5E6CA0AB1730AA1500E4EC3A /* Default.png in Resources */,
				5E6CA0AD1730AA1A00E4EC3A /* Default@2x.png in Resources */,
				5E6CA0AF1730AA2100E4EC3A /* Default-568h@2x.png in Resources */,
				5EA5D6DF17349AE700E729CA /* Localizable.strings in Resources */,
			);
			runOnlyForDeploymentPostprocessing = 0;
		};
/* End PBXResourcesBuildPhase section */

/* Begin PBXSourcesBuildPhase section */
		5E964D7016F4DD080074FB6A /* Sources */ = {
			isa = PBXSourcesBuildPhase;
			buildActionMask = 2147483647;
			files = (
				5E964D8416F4DD080074FB6A /* main.m in Sources */,
				5E964D8816F4DD080074FB6A /* CTRAppDelegate.m in Sources */,
				5E5FC4B716FE58E30086DA7E /* CTRTimerDetailViewController.m in Sources */,
				5E5FC4BC16FF506D0086DA7E /* CTRTimerEditViewController.m in Sources */,
				5E127FE91708C00900FEBC11 /* CTRTimerListViewController.m in Sources */,
				5EA5D7501736AADF00E729CA /* CoffeeTimer.xcdatamodeld in Sources */,
				5EA5D7531736AD1500E729CA /* CTRTimerModel.m in Sources */,
			);
			runOnlyForDeploymentPostprocessing = 0;
		};
/* End PBXSourcesBuildPhase section */

/* Begin PBXVariantGroup section */
		5E964D8016F4DD080074FB6A /* InfoPlist.strings */ = {
			isa = PBXVariantGroup;
			children = (
				5E964D8116F4DD080074FB6A /* en */,
				5EA5D6DC17348E3800E729CA /* fr */,
			);
			name = InfoPlist.strings;
			sourceTree = "<group>";
		};
		5E964D8F16F4DD090074FB6A /* MainStoryboard.storyboard */ = {
			isa = PBXVariantGroup;
			children = (
				5EA5D6DA17348D7A00E729CA /* Base */,
				5EA5D6DB17348E3800E729CA /* fr */,
			);
			name = MainStoryboard.storyboard;
			sourceTree = "<group>";
		};
		5EA5D6E117349AE700E729CA /* Localizable.strings */ = {
			isa = PBXVariantGroup;
			children = (
				5EA5D6E017349AE700E729CA /* en */,
				5EA5D6E217349B2400E729CA /* fr */,
			);
			name = Localizable.strings;
			sourceTree = "<group>";
		};
/* End PBXVariantGroup section */

/* Begin XCBuildConfiguration section */
		5E964D9516F4DD090074FB6A /* Debug */ = {
			isa = XCBuildConfiguration;
			buildSettings = {
				ALWAYS_SEARCH_USER_PATHS = NO;
				CLANG_CXX_LANGUAGE_STANDARD = "gnu++0x";
				CLANG_CXX_LIBRARY = "libc++";
				CLANG_ENABLE_OBJC_ARC = YES;
				CLANG_WARN_CONSTANT_CONVERSION = YES;
				CLANG_WARN_EMPTY_BODY = YES;
				CLANG_WARN_ENUM_CONVERSION = YES;
				CLANG_WARN_INT_CONVERSION = YES;
				CLANG_WARN__DUPLICATE_METHOD_MATCH = YES;
				"CODE_SIGN_IDENTITY[sdk=iphoneos*]" = "iPhone Developer";
				COPY_PHASE_STRIP = NO;
				GCC_C_LANGUAGE_STANDARD = gnu99;
				GCC_DYNAMIC_NO_PIC = NO;
				GCC_OPTIMIZATION_LEVEL = 0;
				GCC_PREPROCESSOR_DEFINITIONS = (
					"DEBUG=1",
					"$(inherited)",
				);
				GCC_SYMBOLS_PRIVATE_EXTERN = NO;
				GCC_WARN_ABOUT_RETURN_TYPE = YES;
				GCC_WARN_UNINITIALIZED_AUTOS = YES;
				GCC_WARN_UNUSED_VARIABLE = YES;
				IPHONEOS_DEPLOYMENT_TARGET = 6.1;
				ONLY_ACTIVE_ARCH = YES;
				SDKROOT = iphoneos;
			};
			name = Debug;
		};
		5E964D9616F4DD090074FB6A /* Release */ = {
			isa = XCBuildConfiguration;
			buildSettings = {
				ALWAYS_SEARCH_USER_PATHS = NO;
				CLANG_CXX_LANGUAGE_STANDARD = "gnu++0x";
				CLANG_CXX_LIBRARY = "libc++";
				CLANG_ENABLE_OBJC_ARC = YES;
				CLANG_WARN_CONSTANT_CONVERSION = YES;
				CLANG_WARN_EMPTY_BODY = YES;
				CLANG_WARN_ENUM_CONVERSION = YES;
				CLANG_WARN_INT_CONVERSION = YES;
				CLANG_WARN__DUPLICATE_METHOD_MATCH = YES;
				"CODE_SIGN_IDENTITY[sdk=iphoneos*]" = "iPhone Developer";
				COPY_PHASE_STRIP = YES;
				GCC_C_LANGUAGE_STANDARD = gnu99;
				GCC_WARN_ABOUT_RETURN_TYPE = YES;
				GCC_WARN_UNINITIALIZED_AUTOS = YES;
				GCC_WARN_UNUSED_VARIABLE = YES;
				IPHONEOS_DEPLOYMENT_TARGET = 6.1;
				OTHER_CFLAGS = "-DNS_BLOCK_ASSERTIONS=1";
				SDKROOT = iphoneos;
				VALIDATE_PRODUCT = YES;
			};
			name = Release;
		};
		5E964D9816F4DD090074FB6A /* Debug */ = {
			isa = XCBuildConfiguration;
			buildSettings = {
				GCC_PRECOMPILE_PREFIX_HEADER = YES;
				GCC_PREFIX_HEADER = "Coffee Timer/Coffee Timer-Prefix.pch";
				INFOPLIST_FILE = "Coffee Timer/Coffee Timer-Info.plist";
				PRODUCT_NAME = "$(TARGET_NAME)";
				WRAPPER_EXTENSION = app;
			};
			name = Debug;
		};
		5E964D9916F4DD090074FB6A /* Release */ = {
			isa = XCBuildConfiguration;
			buildSettings = {
				GCC_PRECOMPILE_PREFIX_HEADER = YES;
				GCC_PREFIX_HEADER = "Coffee Timer/Coffee Timer-Prefix.pch";
				INFOPLIST_FILE = "Coffee Timer/Coffee Timer-Info.plist";
				PRODUCT_NAME = "$(TARGET_NAME)";
				WRAPPER_EXTENSION = app;
			};
			name = Release;
		};
/* End XCBuildConfiguration section */

/* Begin XCConfigurationList section */
		5E964D6F16F4DD080074FB6A /* Build configuration list for PBXProject "Coffee Timer" */ = {
			isa = XCConfigurationList;
			buildConfigurations = (
				5E964D9516F4DD090074FB6A /* Debug */,
				5E964D9616F4DD090074FB6A /* Release */,
			);
			defaultConfigurationIsVisible = 0;
			defaultConfigurationName = Release;
		};
		5E964D9716F4DD090074FB6A /* Build configuration list for PBXNativeTarget "Coffee Timer" */ = {
			isa = XCConfigurationList;
			buildConfigurations = (
				5E964D9816F4DD090074FB6A /* Debug */,
				5E964D9916F4DD090074FB6A /* Release */,
			);
			defaultConfigurationIsVisible = 0;
			defaultConfigurationName = Release;
		};
/* End XCConfigurationList section */

/* Begin XCVersionGroup section */
		5EA5D74E1736AADF00E729CA /* CoffeeTimer.xcdatamodeld */ = {
			isa = XCVersionGroup;
			children = (
				5EA5D74F1736AADF00E729CA /* CoffeeTimer.xcdatamodel */,
			);
			currentVersion = 5EA5D74F1736AADF00E729CA /* CoffeeTimer.xcdatamodel */;
			path = CoffeeTimer.xcdatamodeld;
			sourceTree = "<group>";
			versionGroupType = wrapper.xcdatamodel;
		};
/* End XCVersionGroup section */
	};
	rootObject = 5E964D6C16F4DD080074FB6A /* Project object */;
}
